<?xml version="1.0" encoding="utf-8"?>
<Project ToolsVersion="4.0" xmlns="http://schemas.microsoft.com/developer/msbuild/2003">
  <ItemGroup>
    <Filter Include="Source Files">
      <UniqueIdentifier>{4FC737F1-C7A5-4376-A066-2A32D752A2FF}</UniqueIdentifier>
      <Extensions>cpp;c;cc;cxx;def;odl;idl;hpj;bat;asm;asmx</Extensions>
    </Filter>
    <Filter Include="Header Files">
      <UniqueIdentifier>{93995380-89BD-4b04-88EB-625FBE52EBFB}</UniqueIdentifier>
      <Extensions>h;hh;hpp;hxx;hm;inl;inc;ipp;xsd</Extensions>
    </Filter>
    <Filter Include="Resource Files">
      <UniqueIdentifier>{67DA6AB6-F800-4c08-8B7A-83BB121AAD01}</UniqueIdentifier>
      <Extensions>rc;ico;cur;bmp;dlg;rc2;rct;bin;rgs;gif;jpg;jpeg;jpe;resx;tiff;tif;png;wav;mfcribbon-ms</Extensions>
    </Filter>
    <Filter Include="Header Files\VM">
      <UniqueIdentifier>{00c8df7f-20a9-433e-a91e-7e20a2f03860}</UniqueIdentifier>
    </Filter>
    <Filter Include="Source Files\VM">
      <UniqueIdentifier>{5b161f60-96ec-4a42-94e0-cc0ef2043dd1}</UniqueIdentifier>
    </Filter>
    <Filter Include="Header Files\VM\InstructionGeneration">
      <UniqueIdentifier>{0a332fbd-48b0-4bb6-89c8-fc56ece91ad1}</UniqueIdentifier>
    </Filter>
  </ItemGroup>
  <ItemGroup>
    <ClInclude Include="include\VM\MemoryController.h">
      <Filter>Header Files\VM</Filter>
    </ClInclude>
    <ClInclude Include="include\VM\Instruction.h">
      <Filter>Header Files\VM</Filter>
    </ClInclude>
    <ClInclude Include="include\VM\InstructionGeneration\InstructionGeneration.h">
      <Filter>Header Files\VM\InstructionGeneration</Filter>
    </ClInclude>
    <ClInclude Include="include\VM\CPU.h">
      <Filter>Header Files\VM</Filter>
    </ClInclude>
    <ClInclude Include="include\VM\Arch.h">
      <Filter>Header Files\VM</Filter>
    </ClInclude>
  </ItemGroup>
  <ItemGroup>
    <ClCompile Include="Driver.cpp">
      <Filter>Source Files</Filter>
    </ClCompile>
    <ClCompile Include="src\VM\MemoryController.cpp">
      <Filter>Source Files\VM</Filter>
    </ClCompile>
    <ClCompile Include="src\VM\CPU.cpp">
      <Filter>Source Files\VM</Filter>
    </ClCompile>
    <ClCompile Include="src\VM\Instruction.cpp">
      <Filter>Source Files\VM</Filter>
    </ClCompile>
  </ItemGroup>
</Project>